
Microsoft Visual Studio Solution File, Format Version 12.00
# Visual Studio Version 17
VisualStudioVersion = 17.7.34003.232
MinimumVisualStudioVersion = 10.0.40219.1
Project("{FAE04EC0-301F-11D3-BF4B-00C04F79EFBC}") = "conceitosBasicos", "conceitosBasicos\conceitosBasicos.csproj", "{47D60D55-F00C-43AA-A4CE-3671FD17FC8F}"
EndProject
Global
	GlobalSection(SolutionConfigurationPlatforms) = preSolution
		Debug|Any CPU = Debug|Any CPU
		Release|Any CPU = Release|Any CPU
	EndGlobalSection
	GlobalSection(ProjectConfigurationPlatforms) = postSolution
		{47D60D55-F00C-43AA-A4CE-3671FD17FC8F}.Debug|Any CPU.ActiveCfg = Debug|Any CPU
		{47D60D55-F00C-43AA-A4CE-3671FD17FC8F}.Debug|Any CPU.Build.0 = Debug|Any CPU
		{47D60D55-F00C-43AA-A4CE-3671FD17FC8F}.Release|Any CPU.ActiveCfg = Release|Any CPU
		{47D60D55-F00C-43AA-A4CE-3671FD17FC8F}.Release|Any CPU.Build.0 = Release|Any CPU
	EndGlobalSection
	GlobalSection(SolutionProperties) = preSolution
		HideSolutionNode = FALSE
	EndGlobalSection
	GlobalSection(ExtensibilityGlobals) = postSolution
		SolutionGuid = {91A248BA-DF53-49E4-A222-50F0B84A0DD0}
	EndGlobalSection
EndGlobal
