
Microsoft Visual Studio Solution File, Format Version 12.00
# Visual Studio Version 17
VisualStudioVersion = 17.7.34003.232
MinimumVisualStudioVersion = 10.0.40219.1
Project("{FAE04EC0-301F-11D3-BF4B-00C04F79EFBC}") = "controleContas", "controleContas\controleContas.csproj", "{4347630A-31D2-4351-B0A9-75F6ECE758D5}"
EndProject
Global
	GlobalSection(SolutionConfigurationPlatforms) = preSolution
		Debug|Any CPU = Debug|Any CPU
		Release|Any CPU = Release|Any CPU
	EndGlobalSection
	GlobalSection(ProjectConfigurationPlatforms) = postSolution
		{4347630A-31D2-4351-B0A9-75F6ECE758D5}.Debug|Any CPU.ActiveCfg = Debug|Any CPU
		{4347630A-31D2-4351-B0A9-75F6ECE758D5}.Debug|Any CPU.Build.0 = Debug|Any CPU
		{4347630A-31D2-4351-B0A9-75F6ECE758D5}.Release|Any CPU.ActiveCfg = Release|Any CPU
		{4347630A-31D2-4351-B0A9-75F6ECE758D5}.Release|Any CPU.Build.0 = Release|Any CPU
	EndGlobalSection
	GlobalSection(SolutionProperties) = preSolution
		HideSolutionNode = FALSE
	EndGlobalSection
	GlobalSection(ExtensibilityGlobals) = postSolution
		SolutionGuid = {EC1F76EC-70A0-40D0-B28A-67A004FB07FB}
	EndGlobalSection
EndGlobal
